# AVDB-SERVER 依赖锁文件（可复现构建参考）
# 由 .venv 环境 pip freeze 生成于 2026-08-24；生成命令:
# .venv\Scripts\python.exe -m pip freeze > requirements.lock
# 构建仍以 requirements.txt 区间为准，本文件用于版本一致性校验。

alembic==1.14.1
annotated-types==0.7.0
anyio==4.14.1
APScheduler==3.11.3
bcrypt==5.0.0
beautifulsoup4==4.13.5
certifi==2026.6.17
cffi==2.0.0
charset-normalizer==3.4.7
click==8.4.2
colorama==0.4.6
cryptography==49.0.0
distro==1.9.0
ecdsa==0.19.2
fastapi==0.115.14
greenlet==3.1.1
grpcio==1.69.0
h11==0.16.0
httpcore==1.0.9
httptools==0.8.0
httpx==0.28.1
idna==3.18
iniconfig==2.3.0
jiter==0.16.0
lxml==5.4.0
Mako==1.3.12
MarkupSafe==3.0.3
openai==1.109.1
packaging==26.2
passlib==1.7.4
playwright==1.49.1
playwright-stealth==1.0.6
pluggy==1.6.0
protobuf==4.25.9
pyasn1==0.6.3
pycparser==3.0
pydantic==2.13.4
pydantic-settings==2.14.2
pydantic_core==2.46.4
pyee==12.0.0
Pygments==2.20.0
pytest==9.1.1
python-dotenv==1.2.2
python-jose==3.5.0
python-multipart==0.0.32
PyYAML==6.0.3
qbittorrent-api==2024.12.71
requests==2.34.2
rsa==4.9.1
six==1.17.0
sniffio==1.3.1
soupsieve==2.8.4
SQLAlchemy==2.0.51
starlette==0.46.2
tqdm==4.68.3
typing-inspection==0.4.2
typing_extensions==4.15.0
tzdata==2026.2
tzlocal==5.4.4
urllib3==2.7.0
uvicorn==0.31.1
watchfiles==1.2.0
websockets==16.0
